
Microsoft Visual Studio Solution File, Format Version 12.00
# Visual Studio Version 17
VisualStudioVersion = 17.12.35521.163 d17.12
MinimumVisualStudioVersion = 10.0.40219.1
Project("{FAE04EC0-301F-11D3-BF4B-00C04F79EFBC}") = "Лепестки ветра", "FloryMood\Лепестки ветра.csproj", "{AFB89466-3BB7-459A-ADAC-4AD5B747B2E4}"
EndProject
Global
	GlobalSection(SolutionConfigurationPlatforms) = preSolution
		Debug|Any CPU = Debug|Any CPU
		Release|Any CPU = Release|Any CPU
	EndGlobalSection
	GlobalSection(ProjectConfigurationPlatforms) = postSolution
		{AFB89466-3BB7-459A-ADAC-4AD5B747B2E4}.Debug|Any CPU.ActiveCfg = Debug|Any CPU
		{AFB89466-3BB7-459A-ADAC-4AD5B747B2E4}.Debug|Any CPU.Build.0 = Debug|Any CPU
		{AFB89466-3BB7-459A-ADAC-4AD5B747B2E4}.Release|Any CPU.ActiveCfg = Release|Any CPU
		{AFB89466-3BB7-459A-ADAC-4AD5B747B2E4}.Release|Any CPU.Build.0 = Release|Any CPU
	EndGlobalSection
	GlobalSection(SolutionProperties) = preSolution
		HideSolutionNode = FALSE
	EndGlobalSection
EndGlobal
